// !$*UTF8*$!
{
	archiveVersion = 1;
	classes = {
	};
	objectVersion = 46;
	objects = {

/* Begin PBXBuildFile section */
		E230BCFD178371400013CE13 /* DiscreteDynamicsWorldAPI.mm in Sources */ = {isa = PBXBuildFile; fileRef = E2947C2B17824F0400C7C6EE /* DiscreteDynamicsWorldAPI.mm */; };
		E230BCFF1784CCF00013CE13 /* BoxShapeAPI.mm in Sources */ = {isa = PBXBuildFile; fileRef = E230BCFE1784CCF00013CE13 /* BoxShapeAPI.mm */; };
		E230BD011784CE7F0013CE13 /* CollisionObjectAPI.mm in Sources */ = {isa = PBXBuildFile; fileRef = E230BD001784CE7F0013CE13 /* CollisionObjectAPI.mm */; };
		E230BD031784CF210013CE13 /* SphereShapeAPI.mm in Sources */ = {isa = PBXBuildFile; fileRef = E230BD021784CF210013CE13 /* SphereShapeAPI.mm */; };
		E230BD051784CF9C0013CE13 /* StaticPlaneShapeAPI.mm in Sources */ = {isa = PBXBuildFile; fileRef = E230BD041784CF9C0013CE13 /* StaticPlaneShapeAPI.mm */; };
		E230BD071784CFDB0013CE13 /* RigidBodyAPI.mm in Sources */ = {isa = PBXBuildFile; fileRef = E230BD061784CFDB0013CE13 /* RigidBodyAPI.mm */; };
		E230BD1D178DF60A0013CE13 /* debug.mm in Sources */ = {isa = PBXBuildFile; fileRef = E230BD1C178DF6090013CE13 /* debug.mm */; };
		E230BD20178E12910013CE13 /* util.mm in Sources */ = {isa = PBXBuildFile; fileRef = E230BD1F178E12910013CE13 /* util.mm */; };
		E230BD2317908DF20013CE13 /* CylinderShapeAPI.mm in Sources */ = {isa = PBXBuildFile; fileRef = E230BD2217908DF20013CE13 /* CylinderShapeAPI.mm */; };
		E230BD25179090280013CE13 /* ConeShapeAPI.mm in Sources */ = {isa = PBXBuildFile; fileRef = E230BD24179090270013CE13 /* ConeShapeAPI.mm */; };
		E230BD27179092EB0013CE13 /* CapsuleShapeAPI.mm in Sources */ = {isa = PBXBuildFile; fileRef = E230BD26179092EB0013CE13 /* CapsuleShapeAPI.mm */; };
		E230BD29179093E10013CE13 /* CompoundShapeAPI.mm in Sources */ = {isa = PBXBuildFile; fileRef = E230BD28179093E10013CE13 /* CompoundShapeAPI.mm */; };
		E230C0CE1795CDD10013CE13 /* libBulletCollision_xcode4.a in Frameworks */ = {isa = PBXBuildFile; fileRef = E230C0BB1795CD820013CE13 /* libBulletCollision_xcode4.a */; };
		E230C0CF1795CDD10013CE13 /* libBulletDynamics_xcode4.a in Frameworks */ = {isa = PBXBuildFile; fileRef = E230C0C11795CDB00013CE13 /* libBulletDynamics_xcode4.a */; };
		E230C0D01795CDD10013CE13 /* libLinearMath_xcode4.a in Frameworks */ = {isa = PBXBuildFile; fileRef = E230C0C71795CDB90013CE13 /* libLinearMath_xcode4.a */; };
		E2947C2717824F0400C7C6EE /* Foundation.framework in Frameworks */ = {isa = PBXBuildFile; fileRef = E2947C2617824F0400C7C6EE /* Foundation.framework */; };
		E2947C2E17824F0400C7C6EE /* aneInitializers.m in Sources */ = {isa = PBXBuildFile; fileRef = E2947C2D17824F0400C7C6EE /* aneInitializers.m */; };
		E2FDFF8517B18C6300A11C6A /* Generic6DofConstraintAPI.mm in Sources */ = {isa = PBXBuildFile; fileRef = E2FDFF8417B18C6300A11C6A /* Generic6DofConstraintAPI.mm */; };
/* End PBXBuildFile section */

/* Begin PBXContainerItemProxy section */
		E230C0BA1795CD820013CE13 /* PBXContainerItemProxy */ = {
			isa = PBXContainerItemProxy;
			containerPortal = E230C0B61795CD820013CE13 /* BulletCollision.xcodeproj */;
			proxyType = 2;
			remoteGlobalIDString = 4FFB20E75EBF5BFA31E627A7;
			remoteInfo = BulletCollision;
		};
		E230C0C01795CDB00013CE13 /* PBXContainerItemProxy */ = {
			isa = PBXContainerItemProxy;
			containerPortal = E230C0BC1795CDB00013CE13 /* BulletDynamics.xcodeproj */;
			proxyType = 2;
			remoteGlobalIDString = 0DC314E349883883357F3001;
			remoteInfo = BulletDynamics;
		};
		E230C0C61795CDB90013CE13 /* PBXContainerItemProxy */ = {
			isa = PBXContainerItemProxy;
			containerPortal = E230C0C21795CDB90013CE13 /* LinearMath.xcodeproj */;
			proxyType = 2;
			remoteGlobalIDString = 1A8A087E376E2E4407E57341;
			remoteInfo = LinearMath;
		};
		E230C0C81795CDC10013CE13 /* PBXContainerItemProxy */ = {
			isa = PBXContainerItemProxy;
			containerPortal = E230C0BC1795CDB00013CE13 /* BulletDynamics.xcodeproj */;
			proxyType = 1;
			remoteGlobalIDString = 32484C610C5A0B105F29157D;
			remoteInfo = BulletDynamics;
		};
		E230C0CA1795CDC10013CE13 /* PBXContainerItemProxy */ = {
			isa = PBXContainerItemProxy;
			containerPortal = E230C0B61795CD820013CE13 /* BulletCollision.xcodeproj */;
			proxyType = 1;
			remoteGlobalIDString = 5B980C7F705B174B5CE81AAF;
			remoteInfo = BulletCollision;
		};
		E230C0CC1795CDC10013CE13 /* PBXContainerItemProxy */ = {
			isa = PBXContainerItemProxy;
			containerPortal = E230C0C21795CDB90013CE13 /* LinearMath.xcodeproj */;
			proxyType = 1;
			remoteGlobalIDString = 6BBA1ED42E6C4AE878505FAE;
			remoteInfo = LinearMath;
		};
/* End PBXContainerItemProxy section */

/* Begin PBXCopyFilesBuildPhase section */
		E2947C2117824F0400C7C6EE /* CopyFiles */ = {
			isa = PBXCopyFilesBuildPhase;
			buildActionMask = 2147483647;
			dstPath = "include/${PRODUCT_NAME}";
			dstSubfolderSpec = 16;
			files = (
			);
			runOnlyForDeploymentPostprocessing = 0;
		};
/* End PBXCopyFilesBuildPhase section */

/* Begin PBXFileReference section */
		E230BCFE1784CCF00013CE13 /* BoxShapeAPI.mm */ = {isa = PBXFileReference; fileEncoding = 4; lastKnownFileType = sourcecode.cpp.objcpp; path = BoxShapeAPI.mm; sourceTree = "<group>"; };
		E230BD001784CE7F0013CE13 /* CollisionObjectAPI.mm */ = {isa = PBXFileReference; fileEncoding = 4; lastKnownFileType = sourcecode.cpp.objcpp; path = CollisionObjectAPI.mm; sourceTree = "<group>"; };
		E230BD021784CF210013CE13 /* SphereShapeAPI.mm */ = {isa = PBXFileReference; fileEncoding = 4; lastKnownFileType = sourcecode.cpp.objcpp; path = SphereShapeAPI.mm; sourceTree = "<group>"; };
		E230BD041784CF9C0013CE13 /* StaticPlaneShapeAPI.mm */ = {isa = PBXFileReference; fileEncoding = 4; lastKnownFileType = sourcecode.cpp.objcpp; path = StaticPlaneShapeAPI.mm; sourceTree = "<group>"; };
		E230BD061784CFDB0013CE13 /* RigidBodyAPI.mm */ = {isa = PBXFileReference; fileEncoding = 4; lastKnownFileType = sourcecode.cpp.objcpp; path = RigidBodyAPI.mm; sourceTree = "<group>"; };
		E230BD1A178CA30A0013CE13 /* Away3DMotionState.hpp */ = {isa = PBXFileReference; fileEncoding = 4; lastKnownFileType = sourcecode.cpp.h; path = Away3DMotionState.hpp; sourceTree = "<group>"; };
		E230BD1C178DF6090013CE13 /* debug.mm */ = {isa = PBXFileReference; fileEncoding = 4; lastKnownFileType = sourcecode.cpp.objcpp; path = debug.mm; sourceTree = "<group>"; };
		E230BD1E178DF6750013CE13 /* debug.h */ = {isa = PBXFileReference; lastKnownFileType = sourcecode.c.h; path = debug.h; sourceTree = "<group>"; };
		E230BD1F178E12910013CE13 /* util.mm */ = {isa = PBXFileReference; fileEncoding = 4; lastKnownFileType = sourcecode.cpp.objcpp; path = util.mm; sourceTree = "<group>"; };
		E230BD21178E12CA0013CE13 /* util.h */ = {isa = PBXFileReference; lastKnownFileType = sourcecode.c.h; path = util.h; sourceTree = "<group>"; };
		E230BD2217908DF20013CE13 /* CylinderShapeAPI.mm */ = {isa = PBXFileReference; fileEncoding = 4; lastKnownFileType = sourcecode.cpp.objcpp; path = CylinderShapeAPI.mm; sourceTree = "<group>"; };
		E230BD24179090270013CE13 /* ConeShapeAPI.mm */ = {isa = PBXFileReference; fileEncoding = 4; lastKnownFileType = sourcecode.cpp.objcpp; path = ConeShapeAPI.mm; sourceTree = "<group>"; };
		E230BD26179092EB0013CE13 /* CapsuleShapeAPI.mm */ = {isa = PBXFileReference; fileEncoding = 4; lastKnownFileType = sourcecode.cpp.objcpp; path = CapsuleShapeAPI.mm; sourceTree = "<group>"; };
		E230BD28179093E10013CE13 /* CompoundShapeAPI.mm */ = {isa = PBXFileReference; fileEncoding = 4; lastKnownFileType = sourcecode.cpp.objcpp; path = CompoundShapeAPI.mm; sourceTree = "<group>"; };
		E230C0B61795CD820013CE13 /* BulletCollision.xcodeproj */ = {isa = PBXFileReference; lastKnownFileType = "wrapper.pb-project"; name = BulletCollision.xcodeproj; path = "/Users/mziwisky/repos/bullet-ane/native/ios/../bullet-itself/bullet-read-only/build/xcode4ios/BulletCollision.xcodeproj"; sourceTree = "<absolute>"; };
		E230C0BC1795CDB00013CE13 /* BulletDynamics.xcodeproj */ = {isa = PBXFileReference; lastKnownFileType = "wrapper.pb-project"; name = BulletDynamics.xcodeproj; path = "/Users/mziwisky/repos/bullet-ane/native/ios/../bullet-itself/bullet-read-only/build/xcode4ios/BulletDynamics.xcodeproj"; sourceTree = "<absolute>"; };
		E230C0C21795CDB90013CE13 /* LinearMath.xcodeproj */ = {isa = PBXFileReference; lastKnownFileType = "wrapper.pb-project"; name = LinearMath.xcodeproj; path = "/Users/mziwisky/repos/bullet-ane/native/ios/../bullet-itself/bullet-read-only/build/xcode4ios/LinearMath.xcodeproj"; sourceTree = "<absolute>"; };
		E2947C2317824F0400C7C6EE /* libBulletANE.a */ = {isa = PBXFileReference; explicitFileType = archive.ar; includeInIndex = 0; path = libBulletANE.a; sourceTree = BUILT_PRODUCTS_DIR; };
		E2947C2617824F0400C7C6EE /* Foundation.framework */ = {isa = PBXFileReference; lastKnownFileType = wrapper.framework; name = Foundation.framework; path = System/Library/Frameworks/Foundation.framework; sourceTree = SDKROOT; };
		E2947C2A17824F0400C7C6EE /* BulletANE-Prefix.pch */ = {isa = PBXFileReference; lastKnownFileType = sourcecode.c.h; path = "BulletANE-Prefix.pch"; sourceTree = "<group>"; };
		E2947C2B17824F0400C7C6EE /* DiscreteDynamicsWorldAPI.mm */ = {isa = PBXFileReference; lastKnownFileType = sourcecode.cpp.objcpp; path = DiscreteDynamicsWorldAPI.mm; sourceTree = "<group>"; };
		E2947C2D17824F0400C7C6EE /* aneInitializers.m */ = {isa = PBXFileReference; lastKnownFileType = sourcecode.c.objc; path = aneInitializers.m; sourceTree = "<group>"; };
		E2947C5D1782511B00C7C6EE /* FlashRuntimeExtensions.h */ = {isa = PBXFileReference; fileEncoding = 4; lastKnownFileType = sourcecode.c.h; name = FlashRuntimeExtensions.h; path = "../../../../../../../../Applications/Adobe Flash Builder 4.7/sdks/4.6.0AIR3.7/include/FlashRuntimeExtensions.h"; sourceTree = "<group>"; };
		E2FDFF8417B18C6300A11C6A /* Generic6DofConstraintAPI.mm */ = {isa = PBXFileReference; fileEncoding = 4; lastKnownFileType = sourcecode.cpp.objcpp; path = Generic6DofConstraintAPI.mm; sourceTree = "<group>"; };
/* End PBXFileReference section */

/* Begin PBXFrameworksBuildPhase section */
		E2947C2017824F0400C7C6EE /* Frameworks */ = {
			isa = PBXFrameworksBuildPhase;
			buildActionMask = 2147483647;
			files = (
				E230C0CE1795CDD10013CE13 /* libBulletCollision_xcode4.a in Frameworks */,
				E230C0CF1795CDD10013CE13 /* libBulletDynamics_xcode4.a in Frameworks */,
				E230C0D01795CDD10013CE13 /* libLinearMath_xcode4.a in Frameworks */,
				E2947C2717824F0400C7C6EE /* Foundation.framework in Frameworks */,
			);
			runOnlyForDeploymentPostprocessing = 0;
		};
/* End PBXFrameworksBuildPhase section */

/* Begin PBXGroup section */
		E230C0B71795CD820013CE13 /* Products */ = {
			isa = PBXGroup;
			children = (
				E230C0BB1795CD820013CE13 /* libBulletCollision_xcode4.a */,
			);
			name = Products;
			sourceTree = "<group>";
		};
		E230C0BD1795CDB00013CE13 /* Products */ = {
			isa = PBXGroup;
			children = (
				E230C0C11795CDB00013CE13 /* libBulletDynamics_xcode4.a */,
			);
			name = Products;
			sourceTree = "<group>";
		};
		E230C0C31795CDB90013CE13 /* Products */ = {
			isa = PBXGroup;
			children = (
				E230C0C71795CDB90013CE13 /* libLinearMath_xcode4.a */,
			);
			name = Products;
			sourceTree = "<group>";
		};
		E2947C1A17824F0400C7C6EE = {
			isa = PBXGroup;
			children = (
				E2947C2817824F0400C7C6EE /* BulletANE */,
				E2947C2517824F0400C7C6EE /* Frameworks */,
				E2947C2417824F0400C7C6EE /* Products */,
			);
			sourceTree = "<group>";
		};
		E2947C2417824F0400C7C6EE /* Products */ = {
			isa = PBXGroup;
			children = (
				E2947C2317824F0400C7C6EE /* libBulletANE.a */,
			);
			name = Products;
			sourceTree = "<group>";
		};
		E2947C2517824F0400C7C6EE /* Frameworks */ = {
			isa = PBXGroup;
			children = (
				E230C0B61795CD820013CE13 /* BulletCollision.xcodeproj */,
				E230C0BC1795CDB00013CE13 /* BulletDynamics.xcodeproj */,
				E230C0C21795CDB90013CE13 /* LinearMath.xcodeproj */,
				E2947C2617824F0400C7C6EE /* Foundation.framework */,
			);
			name = Frameworks;
			sourceTree = "<group>";
		};
		E2947C2817824F0400C7C6EE /* BulletANE */ = {
			isa = PBXGroup;
			children = (
				E2947C2D17824F0400C7C6EE /* aneInitializers.m */,
				E230BD1E178DF6750013CE13 /* debug.h */,
				E230BD1C178DF6090013CE13 /* debug.mm */,
				E230BD21178E12CA0013CE13 /* util.h */,
				E230BD1F178E12910013CE13 /* util.mm */,
				E2947C2B17824F0400C7C6EE /* DiscreteDynamicsWorldAPI.mm */,
				E230BD1A178CA30A0013CE13 /* Away3DMotionState.hpp */,
				E230BCFE1784CCF00013CE13 /* BoxShapeAPI.mm */,
				E230BD26179092EB0013CE13 /* CapsuleShapeAPI.mm */,
				E230BD001784CE7F0013CE13 /* CollisionObjectAPI.mm */,
				E230BD28179093E10013CE13 /* CompoundShapeAPI.mm */,
				E230BD24179090270013CE13 /* ConeShapeAPI.mm */,
				E230BD2217908DF20013CE13 /* CylinderShapeAPI.mm */,
				E2FDFF8417B18C6300A11C6A /* Generic6DofConstraintAPI.mm */,
				E230BD061784CFDB0013CE13 /* RigidBodyAPI.mm */,
				E230BD021784CF210013CE13 /* SphereShapeAPI.mm */,
				E230BD041784CF9C0013CE13 /* StaticPlaneShapeAPI.mm */,
				E2947C2917824F0400C7C6EE /* Supporting Files */,
			);
			path = BulletANE;
			sourceTree = "<group>";
		};
		E2947C2917824F0400C7C6EE /* Supporting Files */ = {
			isa = PBXGroup;
			children = (
				E2947C5D1782511B00C7C6EE /* FlashRuntimeExtensions.h */,
				E2947C2A17824F0400C7C6EE /* BulletANE-Prefix.pch */,
			);
			name = "Supporting Files";
			sourceTree = "<group>";
		};
/* End PBXGroup section */

/* Begin PBXNativeTarget section */
		E2947C2217824F0400C7C6EE /* BulletANE */ = {
			isa = PBXNativeTarget;
			buildConfigurationList = E2947C3117824F0400C7C6EE /* Build configuration list for PBXNativeTarget "BulletANE" */;
			buildPhases = (
				E2947C1F17824F0400C7C6EE /* Sources */,
				E2947C2017824F0400C7C6EE /* Frameworks */,
				E2947C2117824F0400C7C6EE /* CopyFiles */,
			);
			buildRules = (
			);
			dependencies = (
				E230C0C91795CDC10013CE13 /* PBXTargetDependency */,
				E230C0CB1795CDC10013CE13 /* PBXTargetDependency */,
				E230C0CD1795CDC10013CE13 /* PBXTargetDependency */,
			);
			name = BulletANE;
			productName = BulletANE;
			productReference = E2947C2317824F0400C7C6EE /* libBulletANE.a */;
			productType = "com.apple.product-type.library.static";
		};
/* End PBXNativeTarget section */

/* Begin PBXProject section */
		E2947C1B17824F0400C7C6EE /* Project object */ = {
			isa = PBXProject;
			attributes = {
				LastUpgradeCheck = 0460;
				ORGANIZATIONNAME = Glimce;
			};
			buildConfigurationList = E2947C1E17824F0400C7C6EE /* Build configuration list for PBXProject "BulletANE" */;
			compatibilityVersion = "Xcode 3.2";
			developmentRegion = English;
			hasScannedForEncodings = 0;
			knownRegions = (
				en,
			);
			mainGroup = E2947C1A17824F0400C7C6EE;
			productRefGroup = E2947C2417824F0400C7C6EE /* Products */;
			projectDirPath = "";
			projectReferences = (
				{
					ProductGroup = E230C0B71795CD820013CE13 /* Products */;
					ProjectRef = E230C0B61795CD820013CE13 /* BulletCollision.xcodeproj */;
				},
				{
					ProductGroup = E230C0BD1795CDB00013CE13 /* Products */;
					ProjectRef = E230C0BC1795CDB00013CE13 /* BulletDynamics.xcodeproj */;
				},
				{
					ProductGroup = E230C0C31795CDB90013CE13 /* Products */;
					ProjectRef = E230C0C21795CDB90013CE13 /* LinearMath.xcodeproj */;
				},
			);
			projectRoot = "";
			targets = (
				E2947C2217824F0400C7C6EE /* BulletANE */,
			);
		};
/* End PBXProject section */

/* Begin PBXReferenceProxy section */
		E230C0BB1795CD820013CE13 /* libBulletCollision_xcode4.a */ = {
			isa = PBXReferenceProxy;
			fileType = archive.ar;
			path = libBulletCollision_xcode4.a;
			remoteRef = E230C0BA1795CD820013CE13 /* PBXContainerItemProxy */;
			sourceTree = BUILT_PRODUCTS_DIR;
		};
		E230C0C11795CDB00013CE13 /* libBulletDynamics_xcode4.a */ = {
			isa = PBXReferenceProxy;
			fileType = archive.ar;
			path = libBulletDynamics_xcode4.a;
			remoteRef = E230C0C01795CDB00013CE13 /* PBXContainerItemProxy */;
			sourceTree = BUILT_PRODUCTS_DIR;
		};
		E230C0C71795CDB90013CE13 /* libLinearMath_xcode4.a */ = {
			isa = PBXReferenceProxy;
			fileType = archive.ar;
			path = libLinearMath_xcode4.a;
			remoteRef = E230C0C61795CDB90013CE13 /* PBXContainerItemProxy */;
			sourceTree = BUILT_PRODUCTS_DIR;
		};
/* End PBXReferenceProxy section */

/* Begin PBXSourcesBuildPhase section */
		E2947C1F17824F0400C7C6EE /* Sources */ = {
			isa = PBXSourcesBuildPhase;
			buildActionMask = 2147483647;
			files = (
				E2947C2E17824F0400C7C6EE /* aneInitializers.m in Sources */,
				E230BCFD178371400013CE13 /* DiscreteDynamicsWorldAPI.mm in Sources */,
				E230BCFF1784CCF00013CE13 /* BoxShapeAPI.mm in Sources */,
				E230BD011784CE7F0013CE13 /* CollisionObjectAPI.mm in Sources */,
				E230BD031784CF210013CE13 /* SphereShapeAPI.mm in Sources */,
				E230BD051784CF9C0013CE13 /* StaticPlaneShapeAPI.mm in Sources */,
				E230BD071784CFDB0013CE13 /* RigidBodyAPI.mm in Sources */,
				E230BD1D178DF60A0013CE13 /* debug.mm in Sources */,
				E230BD20178E12910013CE13 /* util.mm in Sources */,
				E230BD2317908DF20013CE13 /* CylinderShapeAPI.mm in Sources */,
				E230BD25179090280013CE13 /* ConeShapeAPI.mm in Sources */,
				E230BD27179092EB0013CE13 /* CapsuleShapeAPI.mm in Sources */,
				E230BD29179093E10013CE13 /* CompoundShapeAPI.mm in Sources */,
				E2FDFF8517B18C6300A11C6A /* Generic6DofConstraintAPI.mm in Sources */,
			);
			runOnlyForDeploymentPostprocessing = 0;
		};
/* End PBXSourcesBuildPhase section */

/* Begin PBXTargetDependency section */
		E230C0C91795CDC10013CE13 /* PBXTargetDependency */ = {
			isa = PBXTargetDependency;
			name = BulletDynamics;
			targetProxy = E230C0C81795CDC10013CE13 /* PBXContainerItemProxy */;
		};
		E230C0CB1795CDC10013CE13 /* PBXTargetDependency */ = {
			isa = PBXTargetDependency;
			name = BulletCollision;
			targetProxy = E230C0CA1795CDC10013CE13 /* PBXContainerItemProxy */;
		};
		E230C0CD1795CDC10013CE13 /* PBXTargetDependency */ = {
			isa = PBXTargetDependency;
			name = LinearMath;
			targetProxy = E230C0CC1795CDC10013CE13 /* PBXContainerItemProxy */;
		};
/* End PBXTargetDependency section */

/* Begin XCBuildConfiguration section */
		E2947C2F17824F0400C7C6EE /* Debug */ = {
			isa = XCBuildConfiguration;
			buildSettings = {
				ALWAYS_SEARCH_USER_PATHS = NO;
				CLANG_CXX_LANGUAGE_STANDARD = "gnu++0x";
				CLANG_CXX_LIBRARY = "libc++";
				CLANG_ENABLE_OBJC_ARC = YES;
				CLANG_WARN_CONSTANT_CONVERSION = YES;
				CLANG_WARN_EMPTY_BODY = YES;
				CLANG_WARN_ENUM_CONVERSION = YES;
				CLANG_WARN_INT_CONVERSION = YES;
				CLANG_WARN__DUPLICATE_METHOD_MATCH = YES;
				COPY_PHASE_STRIP = NO;
				GCC_C_LANGUAGE_STANDARD = gnu99;
				GCC_DYNAMIC_NO_PIC = NO;
				GCC_OPTIMIZATION_LEVEL = 0;
				GCC_PREPROCESSOR_DEFINITIONS = (
					"DEBUG=1",
					"$(inherited)",
				);
				GCC_SYMBOLS_PRIVATE_EXTERN = NO;
				GCC_WARN_ABOUT_RETURN_TYPE = YES;
				GCC_WARN_UNINITIALIZED_AUTOS = YES;
				GCC_WARN_UNUSED_VARIABLE = YES;
				IPHONEOS_DEPLOYMENT_TARGET = 6.1;
				ONLY_ACTIVE_ARCH = YES;
				SDKROOT = iphoneos;
			};
			name = Debug;
		};
		E2947C3017824F0400C7C6EE /* Release */ = {
			isa = XCBuildConfiguration;
			buildSettings = {
				ALWAYS_SEARCH_USER_PATHS = NO;
				CLANG_CXX_LANGUAGE_STANDARD = "gnu++0x";
				CLANG_CXX_LIBRARY = "libc++";
				CLANG_ENABLE_OBJC_ARC = YES;
				CLANG_WARN_CONSTANT_CONVERSION = YES;
				CLANG_WARN_EMPTY_BODY = YES;
				CLANG_WARN_ENUM_CONVERSION = YES;
				CLANG_WARN_INT_CONVERSION = YES;
				CLANG_WARN__DUPLICATE_METHOD_MATCH = YES;
				COPY_PHASE_STRIP = YES;
				GCC_C_LANGUAGE_STANDARD = gnu99;
				GCC_WARN_ABOUT_RETURN_TYPE = YES;
				GCC_WARN_UNINITIALIZED_AUTOS = YES;
				GCC_WARN_UNUSED_VARIABLE = YES;
				IPHONEOS_DEPLOYMENT_TARGET = 6.1;
				SDKROOT = iphoneos;
				VALIDATE_PRODUCT = YES;
			};
			name = Release;
		};
		E2947C3217824F0400C7C6EE /* Debug */ = {
			isa = XCBuildConfiguration;
			buildSettings = {
				DSTROOT = /tmp/BulletANE.dst;
				GCC_PRECOMPILE_PREFIX_HEADER = YES;
				GCC_PREFIX_HEADER = "BulletANE/BulletANE-Prefix.pch";
				HEADER_SEARCH_PATHS = "../../bullet-itself/Headers/**";
				LIBRARY_SEARCH_PATHS = "";
				OTHER_LDFLAGS = "-ObjC";
				PRODUCT_NAME = "$(TARGET_NAME)";
				SKIP_INSTALL = YES;
			};
			name = Debug;
		};
		E2947C3317824F0400C7C6EE /* Release */ = {
			isa = XCBuildConfiguration;
			buildSettings = {
				DSTROOT = /tmp/BulletANE.dst;
				GCC_PRECOMPILE_PREFIX_HEADER = YES;
				GCC_PREFIX_HEADER = "BulletANE/BulletANE-Prefix.pch";
				HEADER_SEARCH_PATHS = "../../bullet-itself/Headers/**";
				LIBRARY_SEARCH_PATHS = "";
				OTHER_LDFLAGS = "-ObjC";
				PRODUCT_NAME = "$(TARGET_NAME)";
				SKIP_INSTALL = YES;
			};
			name = Release;
		};
/* End XCBuildConfiguration section */

/* Begin XCConfigurationList section */
		E2947C1E17824F0400C7C6EE /* Build configuration list for PBXProject "BulletANE" */ = {
			isa = XCConfigurationList;
			buildConfigurations = (
				E2947C2F17824F0400C7C6EE /* Debug */,
				E2947C3017824F0400C7C6EE /* Release */,
			);
			defaultConfigurationIsVisible = 0;
			defaultConfigurationName = Release;
		};
		E2947C3117824F0400C7C6EE /* Build configuration list for PBXNativeTarget "BulletANE" */ = {
			isa = XCConfigurationList;
			buildConfigurations = (
				E2947C3217824F0400C7C6EE /* Debug */,
				E2947C3317824F0400C7C6EE /* Release */,
			);
			defaultConfigurationIsVisible = 0;
			defaultConfigurationName = Release;
		};
/* End XCConfigurationList section */
	};
	rootObject = E2947C1B17824F0400C7C6EE /* Project object */;
}
